
Microsoft Visual Studio Solution File, Format Version 12.00
# Visual Studio 15
VisualStudioVersion = 15.0.27130.2010
MinimumVisualStudioVersion = 10.0.40219.1
Project("{9A19103F-16F7-4668-BE54-9A1E7A4F7556}") = "SimpleHttp", "Source\SimpleHttp\SimpleHttp.csproj", "{1F84F9B8-1FF7-4081-BABC-D96B08C3FC27}"
EndProject
Project("{2150E333-8FDC-42A3-9474-1A3956D46DE8}") = "Source", "Source", "{DE6ABCD2-D177-4641-AA86-1FEEC19FCA34}"
EndProject
Project("{2150E333-8FDC-42A3-9474-1A3956D46DE8}") = "Deploy", "Deploy", "{A3FA5ED2-AD7E-4C3A-91B1-A8088B45BCCB}"
EndProject
Project("{2150E333-8FDC-42A3-9474-1A3956D46DE8}") = "Samples", "Samples", "{3AA51C64-9444-48AE-AD61-F0A18EDF55D5}"
EndProject
Project("{2150E333-8FDC-42A3-9474-1A3956D46DE8}") = "Logo", "Logo", "{55B66B7C-1F27-4F07-A059-D3E3A0C16B69}"
	ProjectSection(SolutionItems) = preProject
		Deploy\Logo\logo-big.png = Deploy\Logo\logo-big.png
		Deploy\Logo\logo-small.png = Deploy\Logo\logo-small.png
		Deploy\Logo\Logo.pptx = Deploy\Logo\Logo.pptx
	EndProjectSection
EndProject
Project("{2150E333-8FDC-42A3-9474-1A3956D46DE8}") = "Nuget", "Nuget", "{35531966-37BB-4FDF-B983-476E486BB5BB}"
	ProjectSection(SolutionItems) = preProject
		Deploy\Nuget\Push.cmd = Deploy\Nuget\Push.cmd
	EndProjectSection
EndProject
Project("{9A19103F-16F7-4668-BE54-9A1E7A4F7556}") = "Demo", "Samples\Demo.csproj", "{44CAE868-D835-4A81-AB6C-06BCB82F11E5}"
EndProject
Project("{2150E333-8FDC-42A3-9474-1A3956D46DE8}") = "Tests", "Tests", "{8D4310E7-3FD1-46CC-9FDA-B247C015FA87}"
EndProject
Project("{2150E333-8FDC-42A3-9474-1A3956D46DE8}") = "Solution Items", "Solution Items", "{53B047E7-6EE5-41C5-A9C0-759030B5E946}"
	ProjectSection(SolutionItems) = preProject
		LICENSE.md = LICENSE.md
		README.md = README.md
	EndProjectSection
EndProject
Global
	GlobalSection(SolutionConfigurationPlatforms) = preSolution
		Debug|Any CPU = Debug|Any CPU
		Release|Any CPU = Release|Any CPU
	EndGlobalSection
	GlobalSection(ProjectConfigurationPlatforms) = postSolution
		{1F84F9B8-1FF7-4081-BABC-D96B08C3FC27}.Debug|Any CPU.ActiveCfg = Debug|Any CPU
		{1F84F9B8-1FF7-4081-BABC-D96B08C3FC27}.Debug|Any CPU.Build.0 = Debug|Any CPU
		{1F84F9B8-1FF7-4081-BABC-D96B08C3FC27}.Release|Any CPU.ActiveCfg = Release|Any CPU
		{1F84F9B8-1FF7-4081-BABC-D96B08C3FC27}.Release|Any CPU.Build.0 = Release|Any CPU
		{44CAE868-D835-4A81-AB6C-06BCB82F11E5}.Debug|Any CPU.ActiveCfg = Debug|Any CPU
		{44CAE868-D835-4A81-AB6C-06BCB82F11E5}.Debug|Any CPU.Build.0 = Debug|Any CPU
		{44CAE868-D835-4A81-AB6C-06BCB82F11E5}.Release|Any CPU.ActiveCfg = Release|Any CPU
		{44CAE868-D835-4A81-AB6C-06BCB82F11E5}.Release|Any CPU.Build.0 = Release|Any CPU
	EndGlobalSection
	GlobalSection(SolutionProperties) = preSolution
		HideSolutionNode = FALSE
	EndGlobalSection
	GlobalSection(NestedProjects) = preSolution
		{1F84F9B8-1FF7-4081-BABC-D96B08C3FC27} = {DE6ABCD2-D177-4641-AA86-1FEEC19FCA34}
		{55B66B7C-1F27-4F07-A059-D3E3A0C16B69} = {A3FA5ED2-AD7E-4C3A-91B1-A8088B45BCCB}
		{35531966-37BB-4FDF-B983-476E486BB5BB} = {A3FA5ED2-AD7E-4C3A-91B1-A8088B45BCCB}
		{44CAE868-D835-4A81-AB6C-06BCB82F11E5} = {3AA51C64-9444-48AE-AD61-F0A18EDF55D5}
	EndGlobalSection
	GlobalSection(ExtensibilityGlobals) = postSolution
		SolutionGuid = {0D32C7C1-CD2A-4502-BBAD-2A9C8749C57F}
	EndGlobalSection
EndGlobal
